schema: '2.0'
stages:
  data_collection:
    cmd: python src/data_collection.py
    deps:
    - path: data/raw/fashion-mnist_train.csv
      hash: md5
      md5: 976229da8a00a3ccf41b8009e4e48d77
      size: 133047193
    - path: src/data_collection.py
      hash: md5
      md5: 4cc71046502cc328cea6df263e8f7705
      size: 1310
    - path: src/utils.py
      hash: md5
      md5: 949d91f0070dff24432a83d2b78bddca
      size: 689
    params:
      params.yaml:
        base.random_state: 42
        data_collection.sample_size: 8000
        data_collection.shuffle: true
    outs:
    - path: data/collected/dataset.csv
      hash: md5
      md5: 7e3d01958307b19decf7c275fbc410a0
      size: 17768658
  data_processing:
    cmd: python src/data_processing.py
    deps:
    - path: data/collected/dataset.csv
      hash: md5
      md5: 7e3d01958307b19decf7c275fbc410a0
      size: 17768658
    - path: src/data_processing.py
      hash: md5
      md5: cba1280ac75969d657352968ef17ec0a
      size: 2994
    - path: src/utils.py
      hash: md5
      md5: 949d91f0070dff24432a83d2b78bddca
      size: 689
    params:
      params.yaml:
        data_processing.augmentation:
          enabled: false
          rotation: 10
          zoom: 0.1
        data_processing.normalize: true
        data_processing.test_split: 0.15
        data_processing.validation_split: 0.15
    outs:
    - path: data/processed/X_test.npy
      hash: md5
      md5: fc1a778e25a74146509b2a9d715286b9
      size: 3763328
    - path: data/processed/X_train.npy
      hash: md5
      md5: ff9f4580f622387fd857ddcb6905d3b6
      size: 17561728
    - path: data/processed/X_val.npy
      hash: md5
      md5: ea4710f7bbdf9535db8f3785618dbac2
      size: 3763328
    - path: data/processed/y_test.npy
      hash: md5
      md5: 4f0020f1cc0d9c1ea353cc8e2423d192
      size: 9728
    - path: data/processed/y_train.npy
      hash: md5
      md5: e7aa613eee9c9ad84a41a0caad0b7355
      size: 44928
    - path: data/processed/y_val.npy
      hash: md5
      md5: 5aac88e965c566404aed95d26bc98aeb
      size: 9728
  feature_selection:
    cmd: python src/feature_selection.py
    deps:
    - path: data/processed/X_test.npy
      hash: md5
      md5: fc1a778e25a74146509b2a9d715286b9
      size: 3763328
    - path: data/processed/X_train.npy
      hash: md5
      md5: ff9f4580f622387fd857ddcb6905d3b6
      size: 17561728
    - path: data/processed/X_val.npy
      hash: md5
      md5: ea4710f7bbdf9535db8f3785618dbac2
      size: 3763328
    - path: src/feature_selection.py
      hash: md5
      md5: dfa5c3d4d3cc99ec497af7aa5adc5102
      size: 2668
    - path: src/utils.py
      hash: md5
      md5: 949d91f0070dff24432a83d2b78bddca
      size: 689
    params:
      params.yaml:
        feature_selection.method: pca
        feature_selection.n_components: 150
        feature_selection.variance_threshold: 0.0
    outs:
    - path: data/features/X_test.npy
      hash: md5
      md5: ef0169da1a5d59b44ef8a6884289d050
      size: 720128
    - path: data/features/X_train.npy
      hash: md5
      md5: d29489d685f53b2cc3a73eb62487b9bd
      size: 3360128
    - path: data/features/X_val.npy
      hash: md5
      md5: 02a2fc5847989a5d97757aeeb22ac6b9
      size: 720128
    - path: data/features/feature_report.json
      hash: md5
      md5: bee812cd797493bd0f2d7961e02be323
      size: 131
    - path: data/features/selector.joblib
      hash: md5
      md5: 7080418adf37a70d4faf1c4c37741664
      size: 476258
  model_training:
    cmd: python src/model_training.py
    deps:
    - path: data/features/X_train.npy
      hash: md5
      md5: d29489d685f53b2cc3a73eb62487b9bd
      size: 3360128
    - path: data/features/X_val.npy
      hash: md5
      md5: 02a2fc5847989a5d97757aeeb22ac6b9
      size: 720128
    - path: data/processed/y_train.npy
      hash: md5
      md5: e7aa613eee9c9ad84a41a0caad0b7355
      size: 44928
    - path: data/processed/y_val.npy
      hash: md5
      md5: 5aac88e965c566404aed95d26bc98aeb
      size: 9728
    - path: src/model_training.py
      hash: md5
      md5: a3e79aef551e476be05aea1b7cd577c5
      size: 5130
    - path: src/utils.py
      hash: md5
      md5: 949d91f0070dff24432a83d2b78bddca
      size: 689
    params:
      params.yaml:
        model_training:
          framework: sklearn
          learning_rate: 0.01
          batch_size: 64
          epochs: 30
          optimizer: adam
          hidden_units: 128
          dropout_rate: 0.2
          early_stopping: true
          model_path: models/model.joblib
    outs:
    - path: models/history.json
      hash: md5
      md5: 58bb9b3a3e7855d754be6d787b469fe7
      size: 133
    - path: models/model.joblib
      hash: md5
      md5: f0752b85dd31591006dcde2592a8b12e
      size: 347205
    - path: reports/training_curve.csv
      hash: md5
      md5: 507a98905cbaa4e224f5d0504a6e9eeb
      size: 304
  model_evaluation:
    cmd: python src/model_evaluation.py
    deps:
    - path: data/features/X_test.npy
      hash: md5
      md5: ef0169da1a5d59b44ef8a6884289d050
      size: 720128
    - path: data/processed/y_test.npy
      hash: md5
      md5: 4f0020f1cc0d9c1ea353cc8e2423d192
      size: 9728
    - path: models/model.joblib
      hash: md5
      md5: f0752b85dd31591006dcde2592a8b12e
      size: 347205
    - path: src/model_evaluation.py
      hash: md5
      md5: ff2ba3be9bcb0ef423c548e0b8603462
      size: 3409
    - path: src/utils.py
      hash: md5
      md5: 949d91f0070dff24432a83d2b78bddca
      size: 689
    params:
      params.yaml:
        model_evaluation:
          metrics_path: reports/metrics.json
          confusion_matrix_path: reports/confusion_matrix.png
    outs:
    - path: reports/confusion_matrix.png
      hash: md5
      md5: f8d79dbfc8054e3109b90dde47846346
      size: 40529
    - path: reports/metrics.json
      hash: md5
      md5: 3fa16eaf48010d8fee949ce085bc6f91
      size: 452
    - path: reports/predictions.csv
      hash: md5
      md5: 63fe545c9152b57cff8ef91360daacee
      size: 6018
